lockfileVersion: 5.3

specifiers:
  '@tinyhttp/app': ^2.0.20
  '@tinyhttp/logger': ^1.3.0
  '@tsconfig/recommended': ^1.0.1

dependencies:
  '@tinyhttp/app': 2.0.20
  '@tinyhttp/logger': 1.3.0

devDependencies:
  '@tsconfig/recommended': 1.0.1

packages:

  /@tinyhttp/accepts/2.0.5:
    resolution: {integrity: sha512-Y3s/uJ+Ju+joEOniWCjNvLh+f+V30pdO3eWniQLEZUD07YK19NPzq4lUiJrFd/OveWA6axZa1rd8gcXCdOxxAg==}
    engines: {node: '>=12.4.0'}
    dependencies:
      es-mime-types: 0.1.4
      negotiator: 0.6.3
    dev: false

  /@tinyhttp/app/2.0.20:
    resolution: {integrity: sha512-QIv7wwsZ14dovGy347VJ+1D9HvceQERPugHEGZ18RY5Svk885fackk/orcu1k5GDXFhobezFw9NChGCzfmuQSA==}
    engines: {node: '>=12.x'}
    dependencies:
      '@tinyhttp/cookie': 2.0.3
      '@tinyhttp/proxy-addr': 2.0.3
      '@tinyhttp/req': 2.0.12
      '@tinyhttp/res': 2.0.15
      '@tinyhttp/router': 2.0.4
      header-range-parser: 1.1.3
      regexparam: 2.0.0
    dev: false

  /@tinyhttp/content-disposition/2.0.5:
    resolution: {integrity: sha512-glfgD8Ae1HwF7QntvD1jAr/ieHmGmU4drcH7AeXkK6uj/GyCSRw9yPgSfYqjBkEeP1hR19ZTDi5rrKMIFifesA==}
    engines: {node: '>=12.4.0'}
    dev: false

  /@tinyhttp/cookie-signature/2.0.3:
    resolution: {integrity: sha512-sc9qXDTS5qG32ZykBxLIJeGr9GbEr/oY5nDQTZFrCTQ7TdfUjHntSt0ZecPb36xZLsoiRA4RWp3cPC8X1YRu5A==}
    engines: {node: '>=12.4.0'}
    dev: false

  /@tinyhttp/cookie/2.0.3:
    resolution: {integrity: sha512-ZHvDHyNc0VwKLgFqwCNbrMObJqJHKQNnMARdPlK2+VvKVB3h/ZT5kYAXYFxxWFJFNqXaXz0E7i2kX32bMeMGUw==}
    engines: {node: '>=12.4.0'}
    dev: false

  /@tinyhttp/encode-url/2.0.4:
    resolution: {integrity: sha512-vnofujyKQc5JlsqwSoQVskDIST0zmz8CRwckm/i1PFfvpMqRgzgbS1yFXhUNlb2ZDV4mKknCt6nf6drhJSVbuA==}
    engines: {node: '>=12.4.0'}
    dev: false

  /@tinyhttp/etag/2.0.3:
    resolution: {integrity: sha512-mK0gL5KEd4gUjSrOqQLhJnZgn3MXfFrg7g1JDuGmQpjSHBcfCccqyHv9OFFaPBQjK/yEGC7XC+iUCzLMhWjTng==}
    engines: {node: '>=12.4.0'}
    dev: false

  /@tinyhttp/forwarded/2.0.3:
    resolution: {integrity: sha512-K3309+ZuIL4nEAtBbXmigeuRbVYdDGiusT2niP/bSJbtrRhaGSIifYucEYPnOYiUzh+uxn0QpsOOjSKUCF4cXQ==}
    engines: {node: '>=12.4.0'}
    dev: false

  /@tinyhttp/logger/1.3.0:
    resolution: {integrity: sha512-u8vbW8OEPur3ZlkJGNO+Nl/xw78cdIaDAcWMUEg7o3UY9L5xezMQcLBPX8ykJLEB+Yl+BDmTvt1s1LzkwM6mNQ==}
    engines: {node: '>=12.4.0'}
    dependencies:
      colorette: 1.4.0
      dayjs: 1.10.7
      http-status-emojis: 2.2.0
    dev: false

  /@tinyhttp/proxy-addr/2.0.3:
    resolution: {integrity: sha512-Fm1DTq2k4fqdTwK+UQ+YR+0zwv2cIV1lIfaW/VYM6Za7vTJHAphilf5IPkjyBsdf9Fa/jDwHo8WCak6yI2I+jQ==}
    engines: {node: '>=12.4.0'}
    dependencies:
      '@tinyhttp/forwarded': 2.0.3
      ipaddr.js: 2.0.1
    dev: false

  /@tinyhttp/req/2.0.12:
    resolution: {integrity: sha512-adqVhev9iG7aTYoTXu2WCqWlnAgBJubbqIE+1L/5EimNDgnvd1nxkQAsuqEmrsm1SZiPXB2HYA1rFSKRJBsC7w==}
    engines: {node: '>=12.4.0'}
    dependencies:
      '@tinyhttp/accepts': 2.0.5
      '@tinyhttp/type-is': 2.0.4
      '@tinyhttp/url': 2.0.5
      es-fresh: 0.0.10
      header-range-parser: 1.1.3
    dev: false

  /@tinyhttp/res/2.0.15:
    resolution: {integrity: sha512-OA0wbyBrAPBa9HUnZ68acIkrHcAd5o+z9Zj5q6ZO9HJZ2EjojQ18OzH1/PSO4fz1zqhT8vk1lY9BXjCk7oVA6w==}
    engines: {node: '>=12.4.0'}
    dependencies:
      '@tinyhttp/content-disposition': 2.0.5
      '@tinyhttp/cookie': 2.0.3
      '@tinyhttp/cookie-signature': 2.0.3
      '@tinyhttp/encode-url': 2.0.4
      '@tinyhttp/req': 2.0.12
      '@tinyhttp/send': 2.0.4
      es-escape-html: 0.1.1
      es-mime-types: 0.1.4
      es-vary: 0.1.2
    dev: false

  /@tinyhttp/router/2.0.4:
    resolution: {integrity: sha512-mO8jWrB951UTkX8akzhHa5UMjQKleNhbQDnd4EZSA7VOXE9n28tqHmYgg1G/czDL6gwRl6Bppj5crJIbvMDGwg==}
    engines: {node: '>=12.4.0'}
    dev: false

  /@tinyhttp/send/2.0.4:
    resolution: {integrity: sha512-HISD5WB1IFGmXitpRt9A+xImHTkbUDd4FZQJdECIPL2kodIHIwHgUFefOPs+pJxdozZwK63Pwe+gMQu5VK6MyA==}
    engines: {node: '>=12.4.0'}
    dependencies:
      '@tinyhttp/etag': 2.0.3
      es-content-type: 0.1.0
      es-mime-types: 0.1.4
    dev: false

  /@tinyhttp/type-is/2.0.4:
    resolution: {integrity: sha512-MpGt6ikISUVEhikmbv3tPgDNiy/9L3/WocR76bAIPp1JdyQlYqeQ1jCze5E3tPQ4gtTIb1rwdptHVBq4NkwwHw==}
    engines: {node: '>=12.4.0'}
    dependencies:
      es-content-type: 0.1.0
      es-mime-types: 0.1.4
    dev: false

  /@tinyhttp/url/2.0.5:
    resolution: {integrity: sha512-NXQAaUa7p5pgd1oUF5VuzLyqVVoMqNvraUI8QkSL0TlRSfgOVLg5PQ2xbk0TYU03SGwHm8w1ZBl9lymeJCLphg==}
    engines: {node: '>=12.4.0'}
    dev: false

  /@tsconfig/recommended/1.0.1:
    resolution: {integrity: sha512-2xN+iGTbPBEzGSnVp/Hd64vKJCJWxsi9gfs88x4PPMyEjHJoA3o5BY9r5OLPHIZU2pAQxkSAsJFqn6itClP8mQ==}
    dev: true

  /colorette/1.4.0:
    resolution: {integrity: sha512-Y2oEozpomLn7Q3HFP7dpww7AtMJplbM9lGZP6RDfHqmbeRjiwRg4n6VM6j4KLmRke85uWEI7JqF17f3pqdRA0g==}
    dev: false

  /dayjs/1.10.7:
    resolution: {integrity: sha512-P6twpd70BcPK34K26uJ1KT3wlhpuOAPoMwJzpsIWUxHZ7wpmbdZL/hQqBDfz7hGurYSa5PhzdhDHtt319hL3ig==}
    dev: false

  /es-content-type/0.1.0:
    resolution: {integrity: sha512-DqWU9pSzhNlO10q+NQ/KebImLkKbwbcy0pSv3hNQfEpKFHsrqDJz2vajpZdq7nkiG9DoJcTh22oHGymp7XJd9g==}
    engines: {node: '>=12.x'}
    dev: false

  /es-escape-html/0.1.1:
    resolution: {integrity: sha512-yUx1o+8RsG7UlszmYPtks+dm6Lho2m8lgHMOsLJQsFI0R8XwUJwiMhM1M4E/S8QLeGyf6MkDV/pWgjQ0tdTSyQ==}
    engines: {node: '>=12.x'}
    dev: false

  /es-fresh/0.0.10:
    resolution: {integrity: sha512-/e5etUqtxj7JktALldpsDNC84DOHavN9PqojnTTGeX1M2/Q4/SF8d55d7AsB3n66WYS43hdBbn0sAllto5kSIg==}
    engines: {node: '>=12.x'}
    dev: false

  /es-mime-types/0.1.4:
    resolution: {integrity: sha512-rUrmfrUIHU/4ykYB+YH80LDiSpmn6sE/A9E8EsFZP4LCtf/PH+ju6d6goFJ8fsGf81pRtQn1cJSmp8JGA9YkfQ==}
    engines: {node: '>=12.x'}
    dependencies:
      mime-db: 1.52.0
    dev: false

  /es-vary/0.1.2:
    resolution: {integrity: sha512-pLqqZoOutAXQXyBJrUYVNM5fZngiOJYi1Xl4svQMrluTsqDUOQlBMw9EYgLrsWL6niDYn/Yd1y2Pj6GC+j/yjA==}
    engines: {node: '>=12.x'}
    dev: false

  /header-range-parser/1.1.3:
    resolution: {integrity: sha512-B9zCFt3jH8g09LR1vHL4pcAn8yMEtlSlOUdQemzHMRKMImNIhhszdeosYFfNW0WXKQtXIlWB+O4owHJKvEJYaA==}
    engines: {node: '>=12.22.0'}
    dev: false

  /http-status-emojis/2.2.0:
    resolution: {integrity: sha512-ompKtgwpx8ff0hsbpIB7oE4ax1LXoHmftsHHStMELX56ivG3GhofTX8ZHWlUaFKfGjcGjw6G3rPk7dJRXMmbbg==}
    dev: false

  /ipaddr.js/2.0.1:
    resolution: {integrity: sha512-1qTgH9NG+IIJ4yfKs2e6Pp1bZg8wbDbKHT21HrLIeYBTRLgMYKnMTPAuI3Lcs61nfx5h1xlXnbJtH1kX5/d/ng==}
    engines: {node: '>= 10'}
    dev: false

  /mime-db/1.52.0:
    resolution: {integrity: sha512-sPU4uV7dYlvtWJxwwxHD0PuihVNiE7TyAbQ5SWxDCB9mUYvOgroQOwYQQOKPJ8CIbE+1ETVlOoK1UC2nU3gYvg==}
    engines: {node: '>= 0.6'}
    dev: false

  /negotiator/0.6.3:
    resolution: {integrity: sha512-+EUsqGPLsM+j/zdChZjsnX51g4XrHFOIXwfnCVPGlQk/k5giakcKsuxCObBRu6DSm9opw/O6slWbJdghQM4bBg==}
    engines: {node: '>= 0.6'}
    dev: false

  /regexparam/2.0.0:
    resolution: {integrity: sha512-gJKwd2MVPWHAIFLsaYDZfyKzHNS4o7E/v8YmNf44vmeV2e4YfVoDToTOKTvE7ab68cRJ++kLuEXJBaEeJVt5ow==}
    engines: {node: '>=8'}
    dev: false
