lockfileVersion: 5.4

specifiers:
  '@tinyhttp/app': ^2.0.23
  '@tinyhttp/logger': ^1.3.0
  '@tsconfig/recommended': ^1.0.1

dependencies:
  '@tinyhttp/app': 2.0.23
  '@tinyhttp/logger': 1.3.0

devDependencies:
  '@tsconfig/recommended': 1.0.1

packages:

  /@tinyhttp/accepts/2.0.7:
    resolution: {integrity: sha512-pqyoBStdAD0w1t6M2215OIXXELVbDTaWNP8s6NxggSsgIWiQUMgpmcW+6psACclLNrwqeUwRwzcwEHHR4GIaKQ==}
    engines: {node: '>=12.4.0'}
    dependencies:
      es-mime-types: 0.1.4
      negotiator: 0.6.3
    dev: false

  /@tinyhttp/app/2.0.23:
    resolution: {integrity: sha512-KyNborZmFVkOKBqIzugWXFjTR6s4O29UoVVEp82za34quNf7H2k6FES85JkyuR0MVl/LDjJ8PsJJEzKckqWQLA==}
    engines: {node: '>=12.x'}
    dependencies:
      '@tinyhttp/cookie': 2.0.5
      '@tinyhttp/proxy-addr': 2.0.5
      '@tinyhttp/req': 2.0.14
      '@tinyhttp/res': 2.0.18
      '@tinyhttp/router': 2.0.6
      header-range-parser: 1.1.3
      regexparam: 2.0.1
    dev: false

  /@tinyhttp/content-disposition/2.0.7:
    resolution: {integrity: sha512-zzw5ya3VkH+JLZEegjZZ7dXw5lQRFMFgQI8VcP7w0Wo7YPViOseuk2wsn9S/8oG5ox5jkVwL/+VPUnr1flfWtA==}
    engines: {node: '>=12.4.0'}
    dev: false

  /@tinyhttp/cookie-signature/2.0.5:
    resolution: {integrity: sha512-TTCHTZFOz2YPSZUxOuae5k1fiMsYAPoTRr3O1pUjD4KRdL8K6Tht78Dtn0rFb1ja0eMl4ytMas8NyDoPGDaJ7w==}
    engines: {node: '>=12.4.0'}
    dev: false

  /@tinyhttp/cookie/2.0.5:
    resolution: {integrity: sha512-fQxpzkD4pe9hv401DC5981RB1+T57bNCAh5Y/4Y1+AfaPcKUnyeSRHy1v6NkT0qF51PlXYPPpzm2X84PZIhKJw==}
    engines: {node: '>=12.4.0'}
    dev: false

  /@tinyhttp/encode-url/2.0.6:
    resolution: {integrity: sha512-bpzgdQTwWnFd2+/wB4P8n8iX7vGGa4H0NePUhjb7VPBRfciCIq9fwzQTrDzTUMLs++qsBqG9q5RFaP0AgeWnmA==}
    engines: {node: '>=12.4.0'}
    dev: false

  /@tinyhttp/etag/2.0.5:
    resolution: {integrity: sha512-T+UO/N6acv7aJ5SBaySzVXr4fnibye2ykvJYQxA/EdVf03P+jGmLZI4IRd4isWvpaJyF0v5IWtitvN9X+SPEPg==}
    engines: {node: '>=12.4.0'}
    dev: false

  /@tinyhttp/forwarded/2.0.5:
    resolution: {integrity: sha512-21Zzu54LQluEtteELAweeU5pssvHEp4uxTjYRzHQ/dN5vake6Ghsr87nk+rlvcTXJsbl95ADyt9EHO6EWr1PhQ==}
    engines: {node: '>=12.4.0'}
    dev: false

  /@tinyhttp/logger/1.3.0:
    resolution: {integrity: sha512-u8vbW8OEPur3ZlkJGNO+Nl/xw78cdIaDAcWMUEg7o3UY9L5xezMQcLBPX8ykJLEB+Yl+BDmTvt1s1LzkwM6mNQ==}
    engines: {node: '>=12.4.0'}
    dependencies:
      colorette: 1.4.0
      dayjs: 1.11.5
      http-status-emojis: 2.2.0
    dev: false

  /@tinyhttp/proxy-addr/2.0.5:
    resolution: {integrity: sha512-dO1l/dEUVcFVKjCt6/zNFyDq0hOZdZua9pmUKpzQwDwRd8ycPgRJvUzzrBrcGQsK65fFjRY/gZInEqXtpUyohw==}
    engines: {node: '>=12.4.0'}
    dependencies:
      '@tinyhttp/forwarded': 2.0.5
      ipaddr.js: 2.0.1
    dev: false

  /@tinyhttp/req/2.0.14:
    resolution: {integrity: sha512-3ueLQjpMvcGRFRqN+MDnitCWDuseN+jiWjBtp6gtQPH4p1xmBHBKB9SrJEklWMRtmXnTu6jOFr9U5H0JsvyoXA==}
    engines: {node: '>=12.4.0'}
    dependencies:
      '@tinyhttp/accepts': 2.0.7
      '@tinyhttp/type-is': 2.0.6
      '@tinyhttp/url': 2.0.7
      es-fresh: 0.0.10
      header-range-parser: 1.1.3
    dev: false

  /@tinyhttp/res/2.0.18:
    resolution: {integrity: sha512-FpmrEHk2oz5+T0QsAF15hH3N1z4Zj9v+fgwgDUSOxSFtbGQxvqs2TgxjUEF5m02c6IS9KP2CSvACuJQtD72vgQ==}
    engines: {node: '>=12.4.0'}
    dependencies:
      '@tinyhttp/content-disposition': 2.0.7
      '@tinyhttp/cookie': 2.0.5
      '@tinyhttp/cookie-signature': 2.0.5
      '@tinyhttp/encode-url': 2.0.6
      '@tinyhttp/req': 2.0.14
      '@tinyhttp/send': 2.0.6
      es-escape-html: 0.1.1
      es-mime-types: 0.1.4
      es-vary: 0.1.2
    dev: false

  /@tinyhttp/router/2.0.6:
    resolution: {integrity: sha512-AOevuqvl+zSg5nsu7iwgUQKIxtWhwIFAoehhh/NP4WI2N6qu0nNJNsHJuyHxmT76KAOKt9+AdyOQMbvfrfctmg==}
    engines: {node: '>=12.4.0'}
    dev: false

  /@tinyhttp/send/2.0.6:
    resolution: {integrity: sha512-C24kLTpzHjmHKirboI30V4lfcAkQ8DKWFpLba8kNd4H4ZpCfzG/Ge94y7eXnrfik8098mUCqhkO8hXyeZHC+3A==}
    engines: {node: '>=12.4.0'}
    dependencies:
      '@tinyhttp/etag': 2.0.5
      es-content-type: 0.1.0
      es-mime-types: 0.1.4
    dev: false

  /@tinyhttp/type-is/2.0.6:
    resolution: {integrity: sha512-CBZXZ78Ot0oF/0mAYgMsdCHg8aiCdNbpJjEzRloQIDaiafiODyEXT84diPJL46X2dcG5+jVYkXAZUOk6p0ZKUA==}
    engines: {node: '>=12.4.0'}
    dependencies:
      es-content-type: 0.1.0
      es-mime-types: 0.1.4
    dev: false

  /@tinyhttp/url/2.0.7:
    resolution: {integrity: sha512-t2MDbvkT2K9hMpkvkWO7InQDalV8PsVNBKN9CqWr/AgEw+6d8mPlQCWjl/hV5bIvL6u6usSJg56JQub3Fh/P7w==}
    engines: {node: '>=12.4.0'}
    dev: false

  /@tsconfig/recommended/1.0.1:
    resolution: {integrity: sha512-2xN+iGTbPBEzGSnVp/Hd64vKJCJWxsi9gfs88x4PPMyEjHJoA3o5BY9r5OLPHIZU2pAQxkSAsJFqn6itClP8mQ==}
    dev: true

  /colorette/1.4.0:
    resolution: {integrity: sha512-Y2oEozpomLn7Q3HFP7dpww7AtMJplbM9lGZP6RDfHqmbeRjiwRg4n6VM6j4KLmRke85uWEI7JqF17f3pqdRA0g==}
    dev: false

  /dayjs/1.11.5:
    resolution: {integrity: sha512-CAdX5Q3YW3Gclyo5Vpqkgpj8fSdLQcRuzfX6mC6Phy0nfJ0eGYOeS7m4mt2plDWLAtA4TqTakvbboHvUxfe4iA==}
    dev: false

  /es-content-type/0.1.0:
    resolution: {integrity: sha512-DqWU9pSzhNlO10q+NQ/KebImLkKbwbcy0pSv3hNQfEpKFHsrqDJz2vajpZdq7nkiG9DoJcTh22oHGymp7XJd9g==}
    engines: {node: '>=12.x'}
    dev: false

  /es-escape-html/0.1.1:
    resolution: {integrity: sha512-yUx1o+8RsG7UlszmYPtks+dm6Lho2m8lgHMOsLJQsFI0R8XwUJwiMhM1M4E/S8QLeGyf6MkDV/pWgjQ0tdTSyQ==}
    engines: {node: '>=12.x'}
    dev: false

  /es-fresh/0.0.10:
    resolution: {integrity: sha512-/e5etUqtxj7JktALldpsDNC84DOHavN9PqojnTTGeX1M2/Q4/SF8d55d7AsB3n66WYS43hdBbn0sAllto5kSIg==}
    engines: {node: '>=12.x'}
    dev: false

  /es-mime-types/0.1.4:
    resolution: {integrity: sha512-rUrmfrUIHU/4ykYB+YH80LDiSpmn6sE/A9E8EsFZP4LCtf/PH+ju6d6goFJ8fsGf81pRtQn1cJSmp8JGA9YkfQ==}
    engines: {node: '>=12.x'}
    dependencies:
      mime-db: 1.52.0
    dev: false

  /es-vary/0.1.2:
    resolution: {integrity: sha512-pLqqZoOutAXQXyBJrUYVNM5fZngiOJYi1Xl4svQMrluTsqDUOQlBMw9EYgLrsWL6niDYn/Yd1y2Pj6GC+j/yjA==}
    engines: {node: '>=12.x'}
    dev: false

  /header-range-parser/1.1.3:
    resolution: {integrity: sha512-B9zCFt3jH8g09LR1vHL4pcAn8yMEtlSlOUdQemzHMRKMImNIhhszdeosYFfNW0WXKQtXIlWB+O4owHJKvEJYaA==}
    engines: {node: '>=12.22.0'}
    dev: false

  /http-status-emojis/2.2.0:
    resolution: {integrity: sha512-ompKtgwpx8ff0hsbpIB7oE4ax1LXoHmftsHHStMELX56ivG3GhofTX8ZHWlUaFKfGjcGjw6G3rPk7dJRXMmbbg==}
    dev: false

  /ipaddr.js/2.0.1:
    resolution: {integrity: sha512-1qTgH9NG+IIJ4yfKs2e6Pp1bZg8wbDbKHT21HrLIeYBTRLgMYKnMTPAuI3Lcs61nfx5h1xlXnbJtH1kX5/d/ng==}
    engines: {node: '>= 10'}
    dev: false

  /mime-db/1.52.0:
    resolution: {integrity: sha512-sPU4uV7dYlvtWJxwwxHD0PuihVNiE7TyAbQ5SWxDCB9mUYvOgroQOwYQQOKPJ8CIbE+1ETVlOoK1UC2nU3gYvg==}
    engines: {node: '>= 0.6'}
    dev: false

  /negotiator/0.6.3:
    resolution: {integrity: sha512-+EUsqGPLsM+j/zdChZjsnX51g4XrHFOIXwfnCVPGlQk/k5giakcKsuxCObBRu6DSm9opw/O6slWbJdghQM4bBg==}
    engines: {node: '>= 0.6'}
    dev: false

  /regexparam/2.0.1:
    resolution: {integrity: sha512-zRgSaYemnNYxUv+/5SeoHI0eJIgTL/A2pUtXUPLHQxUldagouJ9p+K6IbIZ/JiQuCEv2E2B1O11SjVQy3aMCkw==}
    engines: {node: '>=8'}
    dev: false
